
Microsoft Visual Studio Solution File, Format Version 12.00
# Visual Studio 14
VisualStudioVersion = 14.0.25420.1
MinimumVisualStudioVersion = 10.0.40219.1
Project("{FAE04EC0-301F-11D3-BF4B-00C04F79EFBC}") = "BOADMIN_NEW", "BOADMIN_NEW\BOADMIN_NEW.csproj", "{65E22BF8-969A-4FB7-AC56-D6F593AFFC78}"
EndProject
Project("{FAE04EC0-301F-11D3-BF4B-00C04F79EFBC}") = "clsInterface4OME", "clsEnum\clsInterface4OME.csproj", "{609FECC6-14BF-417D-8F37-926792933D58}"
EndProject
Project("{FAE04EC0-301F-11D3-BF4B-00C04F79EFBC}") = "DateParser", "DateParser\DateParser.csproj", "{1559E7A5-8B49-458F-997C-50D3393AC9CE}"
EndProject
Project("{FAE04EC0-301F-11D3-BF4B-00C04F79EFBC}") = "ProtocolStructs", "ProtocolStructs\ProtocolStructs.csproj", "{77096F79-0E34-48CF-81BF-40BCB7989E47}"
	ProjectSection(ProjectDependencies) = postProject
		{A52D6403-0252-4A82-8C53-122B3CC036FC} = {A52D6403-0252-4A82-8C53-122B3CC036FC}
	EndProjectSection
EndProject
Project("{FAE04EC0-301F-11D3-BF4B-00C04F79EFBC}") = "DSSocket", "Socket\DSSocket.csproj", "{121C5D24-7F25-4589-8D7E-7436611DE051}"
EndProject
Project("{FAE04EC0-301F-11D3-BF4B-00C04F79EFBC}") = "LtechIndia.Validation", "ValidationProvider\LtechIndia.Validation.csproj", "{A52D6403-0252-4A82-8C53-122B3CC036FC}"
EndProject
Project("{FAE04EC0-301F-11D3-BF4B-00C04F79EFBC}") = "GeneralUtilty", "GeneralUtilty\GeneralUtilty.csproj", "{5632D4A9-C71D-4137-B61C-A38A060FA60B}"
EndProject
Project("{FAE04EC0-301F-11D3-BF4B-00C04F79EFBC}") = "Logging", "Logging\Logging.csproj", "{0B4D275D-DCB5-488D-8D31-E916FE9F2546}"
EndProject
Project("{FAE04EC0-301F-11D3-BF4B-00C04F79EFBC}") = "CertificateImportExport", "CertificateExport\CertificateImportExport.csproj", "{54ED5B88-3988-4F0E-93F2-22A6AB1FAA85}"
EndProject
Project("{6141683F-8A12-4E36-9623-2EB02B2C2303}") = "BOCnSsetup", "BOCnSsetup\BOCnSsetup.isproj", "{2DC6BA0A-D65C-4D82-9D2D-722B4BB2B9E5}"
	ProjectSection(ProjectDependencies) = postProject
		{65E22BF8-969A-4FB7-AC56-D6F593AFFC78} = {65E22BF8-969A-4FB7-AC56-D6F593AFFC78}
	EndProjectSection
EndProject
Project("{FAE04EC0-301F-11D3-BF4B-00C04F79EFBC}") = "OrderServerManager", "OrderServerManager\OrderServerManager.csproj", "{ADD61510-5F9E-43FB-81B9-198B9288896B}"
EndProject
Global
	GlobalSection(SolutionConfigurationPlatforms) = preSolution
		CD_ROM|Any CPU = CD_ROM|Any CPU
		CD_ROM|x64 = CD_ROM|x64
		CD_ROM|x86 = CD_ROM|x86
		Debug|Any CPU = Debug|Any CPU
		Debug|x64 = Debug|x64
		Debug|x86 = Debug|x86
		DebugAkram|Any CPU = DebugAkram|Any CPU
		DebugAkram|x64 = DebugAkram|x64
		DebugAkram|x86 = DebugAkram|x86
		DebugDemo|Any CPU = DebugDemo|Any CPU
		DebugDemo|x64 = DebugDemo|x64
		DebugDemo|x86 = DebugDemo|x86
		DVD-5|Any CPU = DVD-5|Any CPU
		DVD-5|x64 = DVD-5|x64
		DVD-5|x86 = DVD-5|x86
		Release|Any CPU = Release|Any CPU
		Release|x64 = Release|x64
		Release|x86 = Release|x86
		ReleaseAkram|Any CPU = ReleaseAkram|Any CPU
		ReleaseAkram|x64 = ReleaseAkram|x64
		ReleaseAkram|x86 = ReleaseAkram|x86
		ReleaseDemo|Any CPU = ReleaseDemo|Any CPU
		ReleaseDemo|x64 = ReleaseDemo|x64
		ReleaseDemo|x86 = ReleaseDemo|x86
		SingleImage|Any CPU = SingleImage|Any CPU
		SingleImage|x64 = SingleImage|x64
		SingleImage|x86 = SingleImage|x86
	EndGlobalSection
	GlobalSection(ProjectConfigurationPlatforms) = postSolution
		{65E22BF8-969A-4FB7-AC56-D6F593AFFC78}.CD_ROM|Any CPU.ActiveCfg = Release|Any CPU
		{65E22BF8-969A-4FB7-AC56-D6F593AFFC78}.CD_ROM|Any CPU.Build.0 = Release|Any CPU
		{65E22BF8-969A-4FB7-AC56-D6F593AFFC78}.CD_ROM|x64.ActiveCfg = Release|Any CPU
		{65E22BF8-969A-4FB7-AC56-D6F593AFFC78}.CD_ROM|x64.Build.0 = Release|Any CPU
		{65E22BF8-969A-4FB7-AC56-D6F593AFFC78}.CD_ROM|x86.ActiveCfg = Release|Any CPU
		{65E22BF8-969A-4FB7-AC56-D6F593AFFC78}.CD_ROM|x86.Build.0 = Release|Any CPU
		{65E22BF8-969A-4FB7-AC56-D6F593AFFC78}.Debug|Any CPU.ActiveCfg = Debug|Any CPU
		{65E22BF8-969A-4FB7-AC56-D6F593AFFC78}.Debug|Any CPU.Build.0 = Debug|Any CPU
		{65E22BF8-969A-4FB7-AC56-D6F593AFFC78}.Debug|x64.ActiveCfg = Debug|Any CPU
		{65E22BF8-969A-4FB7-AC56-D6F593AFFC78}.Debug|x86.ActiveCfg = Debug|Any CPU
		{65E22BF8-969A-4FB7-AC56-D6F593AFFC78}.DebugAkram|Any CPU.ActiveCfg = Debug|Any CPU
		{65E22BF8-969A-4FB7-AC56-D6F593AFFC78}.DebugAkram|Any CPU.Build.0 = Debug|Any CPU
		{65E22BF8-969A-4FB7-AC56-D6F593AFFC78}.DebugAkram|x64.ActiveCfg = Debug|Any CPU
		{65E22BF8-969A-4FB7-AC56-D6F593AFFC78}.DebugAkram|x86.ActiveCfg = Debug|Any CPU
		{65E22BF8-969A-4FB7-AC56-D6F593AFFC78}.DebugDemo|Any CPU.ActiveCfg = Debug|Any CPU
		{65E22BF8-969A-4FB7-AC56-D6F593AFFC78}.DebugDemo|Any CPU.Build.0 = Debug|Any CPU
		{65E22BF8-969A-4FB7-AC56-D6F593AFFC78}.DebugDemo|x64.ActiveCfg = Debug|Any CPU
		{65E22BF8-969A-4FB7-AC56-D6F593AFFC78}.DebugDemo|x86.ActiveCfg = Debug|Any CPU
		{65E22BF8-969A-4FB7-AC56-D6F593AFFC78}.DVD-5|Any CPU.ActiveCfg = Debug|Any CPU
		{65E22BF8-969A-4FB7-AC56-D6F593AFFC78}.DVD-5|Any CPU.Build.0 = Debug|Any CPU
		{65E22BF8-969A-4FB7-AC56-D6F593AFFC78}.DVD-5|x64.ActiveCfg = Debug|Any CPU
		{65E22BF8-969A-4FB7-AC56-D6F593AFFC78}.DVD-5|x64.Build.0 = Debug|Any CPU
		{65E22BF8-969A-4FB7-AC56-D6F593AFFC78}.DVD-5|x86.ActiveCfg = Debug|Any CPU
		{65E22BF8-969A-4FB7-AC56-D6F593AFFC78}.DVD-5|x86.Build.0 = Debug|Any CPU
		{65E22BF8-969A-4FB7-AC56-D6F593AFFC78}.Release|Any CPU.ActiveCfg = Release|Any CPU
		{65E22BF8-969A-4FB7-AC56-D6F593AFFC78}.Release|Any CPU.Build.0 = Release|Any CPU
		{65E22BF8-969A-4FB7-AC56-D6F593AFFC78}.Release|x64.ActiveCfg = Release|Any CPU
		{65E22BF8-969A-4FB7-AC56-D6F593AFFC78}.Release|x86.ActiveCfg = Release|Any CPU
		{65E22BF8-969A-4FB7-AC56-D6F593AFFC78}.ReleaseAkram|Any CPU.ActiveCfg = Release|Any CPU
		{65E22BF8-969A-4FB7-AC56-D6F593AFFC78}.ReleaseAkram|Any CPU.Build.0 = Release|Any CPU
		{65E22BF8-969A-4FB7-AC56-D6F593AFFC78}.ReleaseAkram|x64.ActiveCfg = Release|Any CPU
		{65E22BF8-969A-4FB7-AC56-D6F593AFFC78}.ReleaseAkram|x86.ActiveCfg = Release|Any CPU
		{65E22BF8-969A-4FB7-AC56-D6F593AFFC78}.ReleaseDemo|Any CPU.ActiveCfg = Release|Any CPU
		{65E22BF8-969A-4FB7-AC56-D6F593AFFC78}.ReleaseDemo|Any CPU.Build.0 = Release|Any CPU
		{65E22BF8-969A-4FB7-AC56-D6F593AFFC78}.ReleaseDemo|x64.ActiveCfg = Release|Any CPU
		{65E22BF8-969A-4FB7-AC56-D6F593AFFC78}.ReleaseDemo|x86.ActiveCfg = Release|Any CPU
		{65E22BF8-969A-4FB7-AC56-D6F593AFFC78}.SingleImage|Any CPU.ActiveCfg = Release|Any CPU
		{65E22BF8-969A-4FB7-AC56-D6F593AFFC78}.SingleImage|Any CPU.Build.0 = Release|Any CPU
		{65E22BF8-969A-4FB7-AC56-D6F593AFFC78}.SingleImage|x64.ActiveCfg = Release|Any CPU
		{65E22BF8-969A-4FB7-AC56-D6F593AFFC78}.SingleImage|x64.Build.0 = Release|Any CPU
		{65E22BF8-969A-4FB7-AC56-D6F593AFFC78}.SingleImage|x86.ActiveCfg = Release|Any CPU
		{65E22BF8-969A-4FB7-AC56-D6F593AFFC78}.SingleImage|x86.Build.0 = Release|Any CPU
		{609FECC6-14BF-417D-8F37-926792933D58}.CD_ROM|Any CPU.ActiveCfg = ReleaseDemo|Any CPU
		{609FECC6-14BF-417D-8F37-926792933D58}.CD_ROM|Any CPU.Build.0 = ReleaseDemo|Any CPU
		{609FECC6-14BF-417D-8F37-926792933D58}.CD_ROM|x64.ActiveCfg = ReleaseDemo|x64
		{609FECC6-14BF-417D-8F37-926792933D58}.CD_ROM|x64.Build.0 = ReleaseDemo|x64
		{609FECC6-14BF-417D-8F37-926792933D58}.CD_ROM|x86.ActiveCfg = ReleaseDemo|x86
		{609FECC6-14BF-417D-8F37-926792933D58}.CD_ROM|x86.Build.0 = ReleaseDemo|x86
		{609FECC6-14BF-417D-8F37-926792933D58}.Debug|Any CPU.ActiveCfg = Debug|Any CPU
		{609FECC6-14BF-417D-8F37-926792933D58}.Debug|Any CPU.Build.0 = Debug|Any CPU
		{609FECC6-14BF-417D-8F37-926792933D58}.Debug|x64.ActiveCfg = Debug|x64
		{609FECC6-14BF-417D-8F37-926792933D58}.Debug|x64.Build.0 = Debug|x64
		{609FECC6-14BF-417D-8F37-926792933D58}.Debug|x86.ActiveCfg = Debug|x86
		{609FECC6-14BF-417D-8F37-926792933D58}.Debug|x86.Build.0 = Debug|x86
		{609FECC6-14BF-417D-8F37-926792933D58}.DebugAkram|Any CPU.ActiveCfg = DebugAkram|Any CPU
		{609FECC6-14BF-417D-8F37-926792933D58}.DebugAkram|Any CPU.Build.0 = DebugAkram|Any CPU
		{609FECC6-14BF-417D-8F37-926792933D58}.DebugAkram|x64.ActiveCfg = DebugAkram|x64
		{609FECC6-14BF-417D-8F37-926792933D58}.DebugAkram|x64.Build.0 = DebugAkram|x64
		{609FECC6-14BF-417D-8F37-926792933D58}.DebugAkram|x86.ActiveCfg = DebugAkram|x86
		{609FECC6-14BF-417D-8F37-926792933D58}.DebugAkram|x86.Build.0 = DebugAkram|x86
		{609FECC6-14BF-417D-8F37-926792933D58}.DebugDemo|Any CPU.ActiveCfg = DebugDemo|Any CPU
		{609FECC6-14BF-417D-8F37-926792933D58}.DebugDemo|Any CPU.Build.0 = DebugDemo|Any CPU
		{609FECC6-14BF-417D-8F37-926792933D58}.DebugDemo|x64.ActiveCfg = DebugDemo|x64
		{609FECC6-14BF-417D-8F37-926792933D58}.DebugDemo|x64.Build.0 = DebugDemo|x64
		{609FECC6-14BF-417D-8F37-926792933D58}.DebugDemo|x86.ActiveCfg = DebugDemo|x86
		{609FECC6-14BF-417D-8F37-926792933D58}.DebugDemo|x86.Build.0 = DebugDemo|x86
		{609FECC6-14BF-417D-8F37-926792933D58}.DVD-5|Any CPU.ActiveCfg = DebugDemo|Any CPU
		{609FECC6-14BF-417D-8F37-926792933D58}.DVD-5|Any CPU.Build.0 = DebugDemo|Any CPU
		{609FECC6-14BF-417D-8F37-926792933D58}.DVD-5|x64.ActiveCfg = DebugDemo|x64
		{609FECC6-14BF-417D-8F37-926792933D58}.DVD-5|x64.Build.0 = DebugDemo|x64
		{609FECC6-14BF-417D-8F37-926792933D58}.DVD-5|x86.ActiveCfg = DebugDemo|x86
		{609FECC6-14BF-417D-8F37-926792933D58}.DVD-5|x86.Build.0 = DebugDemo|x86
		{609FECC6-14BF-417D-8F37-926792933D58}.Release|Any CPU.ActiveCfg = Release|Any CPU
		{609FECC6-14BF-417D-8F37-926792933D58}.Release|x64.ActiveCfg = Release|x64
		{609FECC6-14BF-417D-8F37-926792933D58}.Release|x64.Build.0 = Release|x64
		{609FECC6-14BF-417D-8F37-926792933D58}.Release|x86.ActiveCfg = Release|x86
		{609FECC6-14BF-417D-8F37-926792933D58}.Release|x86.Build.0 = Release|x86
		{609FECC6-14BF-417D-8F37-926792933D58}.ReleaseAkram|Any CPU.ActiveCfg = ReleaseAkram|Any CPU
		{609FECC6-14BF-417D-8F37-926792933D58}.ReleaseAkram|Any CPU.Build.0 = ReleaseAkram|Any CPU
		{609FECC6-14BF-417D-8F37-926792933D58}.ReleaseAkram|x64.ActiveCfg = ReleaseAkram|x64
		{609FECC6-14BF-417D-8F37-926792933D58}.ReleaseAkram|x64.Build.0 = ReleaseAkram|x64
		{609FECC6-14BF-417D-8F37-926792933D58}.ReleaseAkram|x86.ActiveCfg = ReleaseAkram|x86
		{609FECC6-14BF-417D-8F37-926792933D58}.ReleaseAkram|x86.Build.0 = ReleaseAkram|x86
		{609FECC6-14BF-417D-8F37-926792933D58}.ReleaseDemo|Any CPU.ActiveCfg = ReleaseDemo|Any CPU
		{609FECC6-14BF-417D-8F37-926792933D58}.ReleaseDemo|Any CPU.Build.0 = ReleaseDemo|Any CPU
		{609FECC6-14BF-417D-8F37-926792933D58}.ReleaseDemo|x64.ActiveCfg = ReleaseDemo|x64
		{609FECC6-14BF-417D-8F37-926792933D58}.ReleaseDemo|x64.Build.0 = ReleaseDemo|x64
		{609FECC6-14BF-417D-8F37-926792933D58}.ReleaseDemo|x86.ActiveCfg = ReleaseDemo|x86
		{609FECC6-14BF-417D-8F37-926792933D58}.ReleaseDemo|x86.Build.0 = ReleaseDemo|x86
		{609FECC6-14BF-417D-8F37-926792933D58}.SingleImage|Any CPU.ActiveCfg = ReleaseDemo|Any CPU
		{609FECC6-14BF-417D-8F37-926792933D58}.SingleImage|Any CPU.Build.0 = ReleaseDemo|Any CPU
		{609FECC6-14BF-417D-8F37-926792933D58}.SingleImage|x64.ActiveCfg = ReleaseDemo|x64
		{609FECC6-14BF-417D-8F37-926792933D58}.SingleImage|x64.Build.0 = ReleaseDemo|x64
		{609FECC6-14BF-417D-8F37-926792933D58}.SingleImage|x86.ActiveCfg = ReleaseDemo|x86
		{609FECC6-14BF-417D-8F37-926792933D58}.SingleImage|x86.Build.0 = ReleaseDemo|x86
		{1559E7A5-8B49-458F-997C-50D3393AC9CE}.CD_ROM|Any CPU.ActiveCfg = Release|Any CPU
		{1559E7A5-8B49-458F-997C-50D3393AC9CE}.CD_ROM|Any CPU.Build.0 = Release|Any CPU
		{1559E7A5-8B49-458F-997C-50D3393AC9CE}.CD_ROM|x64.ActiveCfg = Release|x64
		{1559E7A5-8B49-458F-997C-50D3393AC9CE}.CD_ROM|x64.Build.0 = Release|x64
		{1559E7A5-8B49-458F-997C-50D3393AC9CE}.CD_ROM|x86.ActiveCfg = Release|x86
		{1559E7A5-8B49-458F-997C-50D3393AC9CE}.CD_ROM|x86.Build.0 = Release|x86
		{1559E7A5-8B49-458F-997C-50D3393AC9CE}.Debug|Any CPU.ActiveCfg = Debug|Any CPU
		{1559E7A5-8B49-458F-997C-50D3393AC9CE}.Debug|Any CPU.Build.0 = Debug|Any CPU
		{1559E7A5-8B49-458F-997C-50D3393AC9CE}.Debug|x64.ActiveCfg = Debug|x64
		{1559E7A5-8B49-458F-997C-50D3393AC9CE}.Debug|x64.Build.0 = Debug|x64
		{1559E7A5-8B49-458F-997C-50D3393AC9CE}.Debug|x86.ActiveCfg = Debug|x86
		{1559E7A5-8B49-458F-997C-50D3393AC9CE}.Debug|x86.Build.0 = Debug|x86
		{1559E7A5-8B49-458F-997C-50D3393AC9CE}.DebugAkram|Any CPU.ActiveCfg = Debug|x86
		{1559E7A5-8B49-458F-997C-50D3393AC9CE}.DebugAkram|x64.ActiveCfg = Debug|x86
		{1559E7A5-8B49-458F-997C-50D3393AC9CE}.DebugAkram|x86.ActiveCfg = Debug|x86
		{1559E7A5-8B49-458F-997C-50D3393AC9CE}.DebugAkram|x86.Build.0 = Debug|x86
		{1559E7A5-8B49-458F-997C-50D3393AC9CE}.DebugDemo|Any CPU.ActiveCfg = Debug|x86
		{1559E7A5-8B49-458F-997C-50D3393AC9CE}.DebugDemo|x64.ActiveCfg = Debug|x86
		{1559E7A5-8B49-458F-997C-50D3393AC9CE}.DebugDemo|x86.ActiveCfg = Debug|x86
		{1559E7A5-8B49-458F-997C-50D3393AC9CE}.DebugDemo|x86.Build.0 = Debug|x86
		{1559E7A5-8B49-458F-997C-50D3393AC9CE}.DVD-5|Any CPU.ActiveCfg = Debug|Any CPU
		{1559E7A5-8B49-458F-997C-50D3393AC9CE}.DVD-5|Any CPU.Build.0 = Debug|Any CPU
		{1559E7A5-8B49-458F-997C-50D3393AC9CE}.DVD-5|x64.ActiveCfg = Debug|x64
		{1559E7A5-8B49-458F-997C-50D3393AC9CE}.DVD-5|x64.Build.0 = Debug|x64
		{1559E7A5-8B49-458F-997C-50D3393AC9CE}.DVD-5|x86.ActiveCfg = Debug|x86
		{1559E7A5-8B49-458F-997C-50D3393AC9CE}.DVD-5|x86.Build.0 = Debug|x86
		{1559E7A5-8B49-458F-997C-50D3393AC9CE}.Release|Any CPU.ActiveCfg = Release|Any CPU
		{1559E7A5-8B49-458F-997C-50D3393AC9CE}.Release|x64.ActiveCfg = Release|x64
		{1559E7A5-8B49-458F-997C-50D3393AC9CE}.Release|x64.Build.0 = Release|x64
		{1559E7A5-8B49-458F-997C-50D3393AC9CE}.Release|x86.ActiveCfg = Release|x86
		{1559E7A5-8B49-458F-997C-50D3393AC9CE}.Release|x86.Build.0 = Release|x86
		{1559E7A5-8B49-458F-997C-50D3393AC9CE}.ReleaseAkram|Any CPU.ActiveCfg = Release|x86
		{1559E7A5-8B49-458F-997C-50D3393AC9CE}.ReleaseAkram|x64.ActiveCfg = Release|x86
		{1559E7A5-8B49-458F-997C-50D3393AC9CE}.ReleaseAkram|x86.ActiveCfg = Release|x86
		{1559E7A5-8B49-458F-997C-50D3393AC9CE}.ReleaseAkram|x86.Build.0 = Release|x86
		{1559E7A5-8B49-458F-997C-50D3393AC9CE}.ReleaseDemo|Any CPU.ActiveCfg = Release|x86
		{1559E7A5-8B49-458F-997C-50D3393AC9CE}.ReleaseDemo|x64.ActiveCfg = Release|x86
		{1559E7A5-8B49-458F-997C-50D3393AC9CE}.ReleaseDemo|x86.ActiveCfg = Release|x86
		{1559E7A5-8B49-458F-997C-50D3393AC9CE}.ReleaseDemo|x86.Build.0 = Release|x86
		{1559E7A5-8B49-458F-997C-50D3393AC9CE}.SingleImage|Any CPU.ActiveCfg = Release|Any CPU
		{1559E7A5-8B49-458F-997C-50D3393AC9CE}.SingleImage|Any CPU.Build.0 = Release|Any CPU
		{1559E7A5-8B49-458F-997C-50D3393AC9CE}.SingleImage|x64.ActiveCfg = Release|x64
		{1559E7A5-8B49-458F-997C-50D3393AC9CE}.SingleImage|x64.Build.0 = Release|x64
		{1559E7A5-8B49-458F-997C-50D3393AC9CE}.SingleImage|x86.ActiveCfg = Release|x86
		{1559E7A5-8B49-458F-997C-50D3393AC9CE}.SingleImage|x86.Build.0 = Release|x86
		{77096F79-0E34-48CF-81BF-40BCB7989E47}.CD_ROM|Any CPU.ActiveCfg = ReleaseDemo|Any CPU
		{77096F79-0E34-48CF-81BF-40BCB7989E47}.CD_ROM|Any CPU.Build.0 = ReleaseDemo|Any CPU
		{77096F79-0E34-48CF-81BF-40BCB7989E47}.CD_ROM|x64.ActiveCfg = ReleaseDemo|x64
		{77096F79-0E34-48CF-81BF-40BCB7989E47}.CD_ROM|x64.Build.0 = ReleaseDemo|x64
		{77096F79-0E34-48CF-81BF-40BCB7989E47}.CD_ROM|x86.ActiveCfg = ReleaseDemo|x86
		{77096F79-0E34-48CF-81BF-40BCB7989E47}.CD_ROM|x86.Build.0 = ReleaseDemo|x86
		{77096F79-0E34-48CF-81BF-40BCB7989E47}.Debug|Any CPU.ActiveCfg = Debug|Any CPU
		{77096F79-0E34-48CF-81BF-40BCB7989E47}.Debug|Any CPU.Build.0 = Debug|Any CPU
		{77096F79-0E34-48CF-81BF-40BCB7989E47}.Debug|x64.ActiveCfg = Debug|x64
		{77096F79-0E34-48CF-81BF-40BCB7989E47}.Debug|x64.Build.0 = Debug|x64
		{77096F79-0E34-48CF-81BF-40BCB7989E47}.Debug|x86.ActiveCfg = Debug|x86
		{77096F79-0E34-48CF-81BF-40BCB7989E47}.Debug|x86.Build.0 = Debug|x86
		{77096F79-0E34-48CF-81BF-40BCB7989E47}.DebugAkram|Any CPU.ActiveCfg = DebugAkram|Any CPU
		{77096F79-0E34-48CF-81BF-40BCB7989E47}.DebugAkram|Any CPU.Build.0 = DebugAkram|Any CPU
		{77096F79-0E34-48CF-81BF-40BCB7989E47}.DebugAkram|x64.ActiveCfg = DebugAkram|x64
		{77096F79-0E34-48CF-81BF-40BCB7989E47}.DebugAkram|x64.Build.0 = DebugAkram|x64
		{77096F79-0E34-48CF-81BF-40BCB7989E47}.DebugAkram|x86.ActiveCfg = DebugAkram|x86
		{77096F79-0E34-48CF-81BF-40BCB7989E47}.DebugAkram|x86.Build.0 = DebugAkram|x86
		{77096F79-0E34-48CF-81BF-40BCB7989E47}.DebugDemo|Any CPU.ActiveCfg = DebugDemo|Any CPU
		{77096F79-0E34-48CF-81BF-40BCB7989E47}.DebugDemo|Any CPU.Build.0 = DebugDemo|Any CPU
		{77096F79-0E34-48CF-81BF-40BCB7989E47}.DebugDemo|x64.ActiveCfg = DebugDemo|x64
		{77096F79-0E34-48CF-81BF-40BCB7989E47}.DebugDemo|x64.Build.0 = DebugDemo|x64
		{77096F79-0E34-48CF-81BF-40BCB7989E47}.DebugDemo|x86.ActiveCfg = DebugDemo|x86
		{77096F79-0E34-48CF-81BF-40BCB7989E47}.DebugDemo|x86.Build.0 = DebugDemo|x86
		{77096F79-0E34-48CF-81BF-40BCB7989E47}.DVD-5|Any CPU.ActiveCfg = DebugDemo|Any CPU
		{77096F79-0E34-48CF-81BF-40BCB7989E47}.DVD-5|Any CPU.Build.0 = DebugDemo|Any CPU
		{77096F79-0E34-48CF-81BF-40BCB7989E47}.DVD-5|x64.ActiveCfg = DebugDemo|x64
		{77096F79-0E34-48CF-81BF-40BCB7989E47}.DVD-5|x64.Build.0 = DebugDemo|x64
		{77096F79-0E34-48CF-81BF-40BCB7989E47}.DVD-5|x86.ActiveCfg = DebugDemo|x86
		{77096F79-0E34-48CF-81BF-40BCB7989E47}.DVD-5|x86.Build.0 = DebugDemo|x86
		{77096F79-0E34-48CF-81BF-40BCB7989E47}.Release|Any CPU.ActiveCfg = Release|Any CPU
		{77096F79-0E34-48CF-81BF-40BCB7989E47}.Release|x64.ActiveCfg = Release|x64
		{77096F79-0E34-48CF-81BF-40BCB7989E47}.Release|x64.Build.0 = Release|x64
		{77096F79-0E34-48CF-81BF-40BCB7989E47}.Release|x86.ActiveCfg = Release|x86
		{77096F79-0E34-48CF-81BF-40BCB7989E47}.Release|x86.Build.0 = Release|x86
		{77096F79-0E34-48CF-81BF-40BCB7989E47}.ReleaseAkram|Any CPU.ActiveCfg = ReleaseAkram|Any CPU
		{77096F79-0E34-48CF-81BF-40BCB7989E47}.ReleaseAkram|Any CPU.Build.0 = ReleaseAkram|Any CPU
		{77096F79-0E34-48CF-81BF-40BCB7989E47}.ReleaseAkram|x64.ActiveCfg = ReleaseAkram|x64
		{77096F79-0E34-48CF-81BF-40BCB7989E47}.ReleaseAkram|x64.Build.0 = ReleaseAkram|x64
		{77096F79-0E34-48CF-81BF-40BCB7989E47}.ReleaseAkram|x86.ActiveCfg = ReleaseAkram|x86
		{77096F79-0E34-48CF-81BF-40BCB7989E47}.ReleaseAkram|x86.Build.0 = ReleaseAkram|x86
		{77096F79-0E34-48CF-81BF-40BCB7989E47}.ReleaseDemo|Any CPU.ActiveCfg = ReleaseDemo|Any CPU
		{77096F79-0E34-48CF-81BF-40BCB7989E47}.ReleaseDemo|Any CPU.Build.0 = ReleaseDemo|Any CPU
		{77096F79-0E34-48CF-81BF-40BCB7989E47}.ReleaseDemo|x64.ActiveCfg = ReleaseDemo|x64
		{77096F79-0E34-48CF-81BF-40BCB7989E47}.ReleaseDemo|x64.Build.0 = ReleaseDemo|x64
		{77096F79-0E34-48CF-81BF-40BCB7989E47}.ReleaseDemo|x86.ActiveCfg = ReleaseDemo|x86
		{77096F79-0E34-48CF-81BF-40BCB7989E47}.ReleaseDemo|x86.Build.0 = ReleaseDemo|x86
		{77096F79-0E34-48CF-81BF-40BCB7989E47}.SingleImage|Any CPU.ActiveCfg = ReleaseDemo|Any CPU
		{77096F79-0E34-48CF-81BF-40BCB7989E47}.SingleImage|Any CPU.Build.0 = ReleaseDemo|Any CPU
		{77096F79-0E34-48CF-81BF-40BCB7989E47}.SingleImage|x64.ActiveCfg = ReleaseDemo|x64
		{77096F79-0E34-48CF-81BF-40BCB7989E47}.SingleImage|x64.Build.0 = ReleaseDemo|x64
		{77096F79-0E34-48CF-81BF-40BCB7989E47}.SingleImage|x86.ActiveCfg = ReleaseDemo|x86
		{77096F79-0E34-48CF-81BF-40BCB7989E47}.SingleImage|x86.Build.0 = ReleaseDemo|x86
		{121C5D24-7F25-4589-8D7E-7436611DE051}.CD_ROM|Any CPU.ActiveCfg = ReleaseDemo|Any CPU
		{121C5D24-7F25-4589-8D7E-7436611DE051}.CD_ROM|Any CPU.Build.0 = ReleaseDemo|Any CPU
		{121C5D24-7F25-4589-8D7E-7436611DE051}.CD_ROM|x64.ActiveCfg = ReleaseDemo|x64
		{121C5D24-7F25-4589-8D7E-7436611DE051}.CD_ROM|x64.Build.0 = ReleaseDemo|x64
		{121C5D24-7F25-4589-8D7E-7436611DE051}.CD_ROM|x86.ActiveCfg = ReleaseDemo|Any CPU
		{121C5D24-7F25-4589-8D7E-7436611DE051}.CD_ROM|x86.Build.0 = ReleaseDemo|Any CPU
		{121C5D24-7F25-4589-8D7E-7436611DE051}.Debug|Any CPU.ActiveCfg = Debug|Any CPU
		{121C5D24-7F25-4589-8D7E-7436611DE051}.Debug|Any CPU.Build.0 = Debug|Any CPU
		{121C5D24-7F25-4589-8D7E-7436611DE051}.Debug|x64.ActiveCfg = Debug|x64
		{121C5D24-7F25-4589-8D7E-7436611DE051}.Debug|x64.Build.0 = Debug|x64
		{121C5D24-7F25-4589-8D7E-7436611DE051}.Debug|x86.ActiveCfg = Debug|x64
		{121C5D24-7F25-4589-8D7E-7436611DE051}.DebugAkram|Any CPU.ActiveCfg = DebugAkram|Any CPU
		{121C5D24-7F25-4589-8D7E-7436611DE051}.DebugAkram|Any CPU.Build.0 = DebugAkram|Any CPU
		{121C5D24-7F25-4589-8D7E-7436611DE051}.DebugAkram|x64.ActiveCfg = DebugAkram|x64
		{121C5D24-7F25-4589-8D7E-7436611DE051}.DebugAkram|x64.Build.0 = DebugAkram|x64
		{121C5D24-7F25-4589-8D7E-7436611DE051}.DebugAkram|x86.ActiveCfg = DebugAkram|x64
		{121C5D24-7F25-4589-8D7E-7436611DE051}.DebugDemo|Any CPU.ActiveCfg = DebugDemo|Any CPU
		{121C5D24-7F25-4589-8D7E-7436611DE051}.DebugDemo|Any CPU.Build.0 = DebugDemo|Any CPU
		{121C5D24-7F25-4589-8D7E-7436611DE051}.DebugDemo|x64.ActiveCfg = DebugDemo|x64
		{121C5D24-7F25-4589-8D7E-7436611DE051}.DebugDemo|x64.Build.0 = DebugDemo|x64
		{121C5D24-7F25-4589-8D7E-7436611DE051}.DebugDemo|x86.ActiveCfg = DebugDemo|x64
		{121C5D24-7F25-4589-8D7E-7436611DE051}.DVD-5|Any CPU.ActiveCfg = DebugDemo|Any CPU
		{121C5D24-7F25-4589-8D7E-7436611DE051}.DVD-5|Any CPU.Build.0 = DebugDemo|Any CPU
		{121C5D24-7F25-4589-8D7E-7436611DE051}.DVD-5|x64.ActiveCfg = DebugDemo|x64
		{121C5D24-7F25-4589-8D7E-7436611DE051}.DVD-5|x64.Build.0 = DebugDemo|x64
		{121C5D24-7F25-4589-8D7E-7436611DE051}.DVD-5|x86.ActiveCfg = DebugDemo|Any CPU
		{121C5D24-7F25-4589-8D7E-7436611DE051}.DVD-5|x86.Build.0 = DebugDemo|Any CPU
		{121C5D24-7F25-4589-8D7E-7436611DE051}.Release|Any CPU.ActiveCfg = Release|Any CPU
		{121C5D24-7F25-4589-8D7E-7436611DE051}.Release|x64.ActiveCfg = Release|x64
		{121C5D24-7F25-4589-8D7E-7436611DE051}.Release|x64.Build.0 = Release|x64
		{121C5D24-7F25-4589-8D7E-7436611DE051}.Release|x86.ActiveCfg = Release|x64
		{121C5D24-7F25-4589-8D7E-7436611DE051}.ReleaseAkram|Any CPU.ActiveCfg = ReleaseAkram|Any CPU
		{121C5D24-7F25-4589-8D7E-7436611DE051}.ReleaseAkram|Any CPU.Build.0 = ReleaseAkram|Any CPU
		{121C5D24-7F25-4589-8D7E-7436611DE051}.ReleaseAkram|x64.ActiveCfg = ReleaseAkram|x64
		{121C5D24-7F25-4589-8D7E-7436611DE051}.ReleaseAkram|x64.Build.0 = ReleaseAkram|x64
		{121C5D24-7F25-4589-8D7E-7436611DE051}.ReleaseAkram|x86.ActiveCfg = ReleaseAkram|x64
		{121C5D24-7F25-4589-8D7E-7436611DE051}.ReleaseDemo|Any CPU.ActiveCfg = ReleaseDemo|Any CPU
		{121C5D24-7F25-4589-8D7E-7436611DE051}.ReleaseDemo|Any CPU.Build.0 = ReleaseDemo|Any CPU
		{121C5D24-7F25-4589-8D7E-7436611DE051}.ReleaseDemo|x64.ActiveCfg = ReleaseDemo|x64
		{121C5D24-7F25-4589-8D7E-7436611DE051}.ReleaseDemo|x64.Build.0 = ReleaseDemo|x64
		{121C5D24-7F25-4589-8D7E-7436611DE051}.ReleaseDemo|x86.ActiveCfg = ReleaseDemo|x64
		{121C5D24-7F25-4589-8D7E-7436611DE051}.SingleImage|Any CPU.ActiveCfg = ReleaseDemo|Any CPU
		{121C5D24-7F25-4589-8D7E-7436611DE051}.SingleImage|Any CPU.Build.0 = ReleaseDemo|Any CPU
		{121C5D24-7F25-4589-8D7E-7436611DE051}.SingleImage|x64.ActiveCfg = ReleaseDemo|x64
		{121C5D24-7F25-4589-8D7E-7436611DE051}.SingleImage|x64.Build.0 = ReleaseDemo|x64
		{121C5D24-7F25-4589-8D7E-7436611DE051}.SingleImage|x86.ActiveCfg = ReleaseDemo|Any CPU
		{121C5D24-7F25-4589-8D7E-7436611DE051}.SingleImage|x86.Build.0 = ReleaseDemo|Any CPU
		{A52D6403-0252-4A82-8C53-122B3CC036FC}.CD_ROM|Any CPU.ActiveCfg = Release|Any CPU
		{A52D6403-0252-4A82-8C53-122B3CC036FC}.CD_ROM|Any CPU.Build.0 = Release|Any CPU
		{A52D6403-0252-4A82-8C53-122B3CC036FC}.CD_ROM|x64.ActiveCfg = Release|Any CPU
		{A52D6403-0252-4A82-8C53-122B3CC036FC}.CD_ROM|x64.Build.0 = Release|Any CPU
		{A52D6403-0252-4A82-8C53-122B3CC036FC}.CD_ROM|x86.ActiveCfg = Release|Any CPU
		{A52D6403-0252-4A82-8C53-122B3CC036FC}.CD_ROM|x86.Build.0 = Release|Any CPU
		{A52D6403-0252-4A82-8C53-122B3CC036FC}.Debug|Any CPU.ActiveCfg = Debug|Any CPU
		{A52D6403-0252-4A82-8C53-122B3CC036FC}.Debug|Any CPU.Build.0 = Debug|Any CPU
		{A52D6403-0252-4A82-8C53-122B3CC036FC}.Debug|x64.ActiveCfg = Debug|Any CPU
		{A52D6403-0252-4A82-8C53-122B3CC036FC}.Debug|x86.ActiveCfg = Debug|Any CPU
		{A52D6403-0252-4A82-8C53-122B3CC036FC}.DebugAkram|Any CPU.ActiveCfg = Debug|Any CPU
		{A52D6403-0252-4A82-8C53-122B3CC036FC}.DebugAkram|Any CPU.Build.0 = Debug|Any CPU
		{A52D6403-0252-4A82-8C53-122B3CC036FC}.DebugAkram|x64.ActiveCfg = Debug|Any CPU
		{A52D6403-0252-4A82-8C53-122B3CC036FC}.DebugAkram|x86.ActiveCfg = Debug|Any CPU
		{A52D6403-0252-4A82-8C53-122B3CC036FC}.DebugDemo|Any CPU.ActiveCfg = Debug|Any CPU
		{A52D6403-0252-4A82-8C53-122B3CC036FC}.DebugDemo|Any CPU.Build.0 = Debug|Any CPU
		{A52D6403-0252-4A82-8C53-122B3CC036FC}.DebugDemo|x64.ActiveCfg = Debug|Any CPU
		{A52D6403-0252-4A82-8C53-122B3CC036FC}.DebugDemo|x86.ActiveCfg = Debug|Any CPU
		{A52D6403-0252-4A82-8C53-122B3CC036FC}.DVD-5|Any CPU.ActiveCfg = Debug|Any CPU
		{A52D6403-0252-4A82-8C53-122B3CC036FC}.DVD-5|Any CPU.Build.0 = Debug|Any CPU
		{A52D6403-0252-4A82-8C53-122B3CC036FC}.DVD-5|x64.ActiveCfg = Debug|Any CPU
		{A52D6403-0252-4A82-8C53-122B3CC036FC}.DVD-5|x64.Build.0 = Debug|Any CPU
		{A52D6403-0252-4A82-8C53-122B3CC036FC}.DVD-5|x86.ActiveCfg = Debug|Any CPU
		{A52D6403-0252-4A82-8C53-122B3CC036FC}.DVD-5|x86.Build.0 = Debug|Any CPU
		{A52D6403-0252-4A82-8C53-122B3CC036FC}.Release|Any CPU.ActiveCfg = Release|Any CPU
		{A52D6403-0252-4A82-8C53-122B3CC036FC}.Release|x64.ActiveCfg = Release|Any CPU
		{A52D6403-0252-4A82-8C53-122B3CC036FC}.Release|x86.ActiveCfg = Release|Any CPU
		{A52D6403-0252-4A82-8C53-122B3CC036FC}.ReleaseAkram|Any CPU.ActiveCfg = Release|Any CPU
		{A52D6403-0252-4A82-8C53-122B3CC036FC}.ReleaseAkram|Any CPU.Build.0 = Release|Any CPU
		{A52D6403-0252-4A82-8C53-122B3CC036FC}.ReleaseAkram|x64.ActiveCfg = Release|Any CPU
		{A52D6403-0252-4A82-8C53-122B3CC036FC}.ReleaseAkram|x86.ActiveCfg = Release|Any CPU
		{A52D6403-0252-4A82-8C53-122B3CC036FC}.ReleaseDemo|Any CPU.ActiveCfg = Release|Any CPU
		{A52D6403-0252-4A82-8C53-122B3CC036FC}.ReleaseDemo|Any CPU.Build.0 = Release|Any CPU
		{A52D6403-0252-4A82-8C53-122B3CC036FC}.ReleaseDemo|x64.ActiveCfg = Release|Any CPU
		{A52D6403-0252-4A82-8C53-122B3CC036FC}.ReleaseDemo|x86.ActiveCfg = Release|Any CPU
		{A52D6403-0252-4A82-8C53-122B3CC036FC}.SingleImage|Any CPU.ActiveCfg = Release|Any CPU
		{A52D6403-0252-4A82-8C53-122B3CC036FC}.SingleImage|Any CPU.Build.0 = Release|Any CPU
		{A52D6403-0252-4A82-8C53-122B3CC036FC}.SingleImage|x64.ActiveCfg = Release|Any CPU
		{A52D6403-0252-4A82-8C53-122B3CC036FC}.SingleImage|x64.Build.0 = Release|Any CPU
		{A52D6403-0252-4A82-8C53-122B3CC036FC}.SingleImage|x86.ActiveCfg = Release|Any CPU
		{A52D6403-0252-4A82-8C53-122B3CC036FC}.SingleImage|x86.Build.0 = Release|Any CPU
		{5632D4A9-C71D-4137-B61C-A38A060FA60B}.CD_ROM|Any CPU.ActiveCfg = Release|Any CPU
		{5632D4A9-C71D-4137-B61C-A38A060FA60B}.CD_ROM|Any CPU.Build.0 = Release|Any CPU
		{5632D4A9-C71D-4137-B61C-A38A060FA60B}.CD_ROM|x64.ActiveCfg = Release|Any CPU
		{5632D4A9-C71D-4137-B61C-A38A060FA60B}.CD_ROM|x64.Build.0 = Release|Any CPU
		{5632D4A9-C71D-4137-B61C-A38A060FA60B}.CD_ROM|x86.ActiveCfg = Release|Any CPU
		{5632D4A9-C71D-4137-B61C-A38A060FA60B}.CD_ROM|x86.Build.0 = Release|Any CPU
		{5632D4A9-C71D-4137-B61C-A38A060FA60B}.Debug|Any CPU.ActiveCfg = Debug|Any CPU
		{5632D4A9-C71D-4137-B61C-A38A060FA60B}.Debug|Any CPU.Build.0 = Debug|Any CPU
		{5632D4A9-C71D-4137-B61C-A38A060FA60B}.Debug|x64.ActiveCfg = Debug|Any CPU
		{5632D4A9-C71D-4137-B61C-A38A060FA60B}.Debug|x64.Build.0 = Debug|Any CPU
		{5632D4A9-C71D-4137-B61C-A38A060FA60B}.Debug|x86.ActiveCfg = Debug|Any CPU
		{5632D4A9-C71D-4137-B61C-A38A060FA60B}.Debug|x86.Build.0 = Debug|Any CPU
		{5632D4A9-C71D-4137-B61C-A38A060FA60B}.DebugAkram|Any CPU.ActiveCfg = Debug|Any CPU
		{5632D4A9-C71D-4137-B61C-A38A060FA60B}.DebugAkram|Any CPU.Build.0 = Debug|Any CPU
		{5632D4A9-C71D-4137-B61C-A38A060FA60B}.DebugAkram|x64.ActiveCfg = Debug|Any CPU
		{5632D4A9-C71D-4137-B61C-A38A060FA60B}.DebugAkram|x64.Build.0 = Debug|Any CPU
		{5632D4A9-C71D-4137-B61C-A38A060FA60B}.DebugAkram|x86.ActiveCfg = Debug|Any CPU
		{5632D4A9-C71D-4137-B61C-A38A060FA60B}.DebugAkram|x86.Build.0 = Debug|Any CPU
		{5632D4A9-C71D-4137-B61C-A38A060FA60B}.DebugDemo|Any CPU.ActiveCfg = Debug|Any CPU
		{5632D4A9-C71D-4137-B61C-A38A060FA60B}.DebugDemo|Any CPU.Build.0 = Debug|Any CPU
		{5632D4A9-C71D-4137-B61C-A38A060FA60B}.DebugDemo|x64.ActiveCfg = Debug|Any CPU
		{5632D4A9-C71D-4137-B61C-A38A060FA60B}.DebugDemo|x64.Build.0 = Debug|Any CPU
		{5632D4A9-C71D-4137-B61C-A38A060FA60B}.DebugDemo|x86.ActiveCfg = Debug|Any CPU
		{5632D4A9-C71D-4137-B61C-A38A060FA60B}.DebugDemo|x86.Build.0 = Debug|Any CPU
		{5632D4A9-C71D-4137-B61C-A38A060FA60B}.DVD-5|Any CPU.ActiveCfg = Debug|Any CPU
		{5632D4A9-C71D-4137-B61C-A38A060FA60B}.DVD-5|Any CPU.Build.0 = Debug|Any CPU
		{5632D4A9-C71D-4137-B61C-A38A060FA60B}.DVD-5|x64.ActiveCfg = Debug|Any CPU
		{5632D4A9-C71D-4137-B61C-A38A060FA60B}.DVD-5|x64.Build.0 = Debug|Any CPU
		{5632D4A9-C71D-4137-B61C-A38A060FA60B}.DVD-5|x86.ActiveCfg = Debug|Any CPU
		{5632D4A9-C71D-4137-B61C-A38A060FA60B}.DVD-5|x86.Build.0 = Debug|Any CPU
		{5632D4A9-C71D-4137-B61C-A38A060FA60B}.Release|Any CPU.ActiveCfg = Release|Any CPU
		{5632D4A9-C71D-4137-B61C-A38A060FA60B}.Release|x64.ActiveCfg = Release|Any CPU
		{5632D4A9-C71D-4137-B61C-A38A060FA60B}.Release|x64.Build.0 = Release|Any CPU
		{5632D4A9-C71D-4137-B61C-A38A060FA60B}.Release|x86.ActiveCfg = Release|Any CPU
		{5632D4A9-C71D-4137-B61C-A38A060FA60B}.Release|x86.Build.0 = Release|Any CPU
		{5632D4A9-C71D-4137-B61C-A38A060FA60B}.ReleaseAkram|Any CPU.ActiveCfg = Release|Any CPU
		{5632D4A9-C71D-4137-B61C-A38A060FA60B}.ReleaseAkram|Any CPU.Build.0 = Release|Any CPU
		{5632D4A9-C71D-4137-B61C-A38A060FA60B}.ReleaseAkram|x64.ActiveCfg = Release|Any CPU
		{5632D4A9-C71D-4137-B61C-A38A060FA60B}.ReleaseAkram|x64.Build.0 = Release|Any CPU
		{5632D4A9-C71D-4137-B61C-A38A060FA60B}.ReleaseAkram|x86.ActiveCfg = Release|Any CPU
		{5632D4A9-C71D-4137-B61C-A38A060FA60B}.ReleaseAkram|x86.Build.0 = Release|Any CPU
		{5632D4A9-C71D-4137-B61C-A38A060FA60B}.ReleaseDemo|Any CPU.ActiveCfg = Release|Any CPU
		{5632D4A9-C71D-4137-B61C-A38A060FA60B}.ReleaseDemo|Any CPU.Build.0 = Release|Any CPU
		{5632D4A9-C71D-4137-B61C-A38A060FA60B}.ReleaseDemo|x64.ActiveCfg = Release|Any CPU
		{5632D4A9-C71D-4137-B61C-A38A060FA60B}.ReleaseDemo|x64.Build.0 = Release|Any CPU
		{5632D4A9-C71D-4137-B61C-A38A060FA60B}.ReleaseDemo|x86.ActiveCfg = Release|Any CPU
		{5632D4A9-C71D-4137-B61C-A38A060FA60B}.ReleaseDemo|x86.Build.0 = Release|Any CPU
		{5632D4A9-C71D-4137-B61C-A38A060FA60B}.SingleImage|Any CPU.ActiveCfg = Release|Any CPU
		{5632D4A9-C71D-4137-B61C-A38A060FA60B}.SingleImage|Any CPU.Build.0 = Release|Any CPU
		{5632D4A9-C71D-4137-B61C-A38A060FA60B}.SingleImage|x64.ActiveCfg = Release|Any CPU
		{5632D4A9-C71D-4137-B61C-A38A060FA60B}.SingleImage|x64.Build.0 = Release|Any CPU
		{5632D4A9-C71D-4137-B61C-A38A060FA60B}.SingleImage|x86.ActiveCfg = Release|Any CPU
		{5632D4A9-C71D-4137-B61C-A38A060FA60B}.SingleImage|x86.Build.0 = Release|Any CPU
		{0B4D275D-DCB5-488D-8D31-E916FE9F2546}.CD_ROM|Any CPU.ActiveCfg = Release|Any CPU
		{0B4D275D-DCB5-488D-8D31-E916FE9F2546}.CD_ROM|Any CPU.Build.0 = Release|Any CPU
		{0B4D275D-DCB5-488D-8D31-E916FE9F2546}.CD_ROM|x64.ActiveCfg = Release|Any CPU
		{0B4D275D-DCB5-488D-8D31-E916FE9F2546}.CD_ROM|x64.Build.0 = Release|Any CPU
		{0B4D275D-DCB5-488D-8D31-E916FE9F2546}.CD_ROM|x86.ActiveCfg = Release|Any CPU
		{0B4D275D-DCB5-488D-8D31-E916FE9F2546}.CD_ROM|x86.Build.0 = Release|Any CPU
		{0B4D275D-DCB5-488D-8D31-E916FE9F2546}.Debug|Any CPU.ActiveCfg = Debug|Any CPU
		{0B4D275D-DCB5-488D-8D31-E916FE9F2546}.Debug|Any CPU.Build.0 = Debug|Any CPU
		{0B4D275D-DCB5-488D-8D31-E916FE9F2546}.Debug|x64.ActiveCfg = Debug|Any CPU
		{0B4D275D-DCB5-488D-8D31-E916FE9F2546}.Debug|x86.ActiveCfg = Debug|Any CPU
		{0B4D275D-DCB5-488D-8D31-E916FE9F2546}.DebugAkram|Any CPU.ActiveCfg = Debug|Any CPU
		{0B4D275D-DCB5-488D-8D31-E916FE9F2546}.DebugAkram|Any CPU.Build.0 = Debug|Any CPU
		{0B4D275D-DCB5-488D-8D31-E916FE9F2546}.DebugAkram|x64.ActiveCfg = Debug|Any CPU
		{0B4D275D-DCB5-488D-8D31-E916FE9F2546}.DebugAkram|x86.ActiveCfg = Debug|Any CPU
		{0B4D275D-DCB5-488D-8D31-E916FE9F2546}.DebugDemo|Any CPU.ActiveCfg = Debug|Any CPU
		{0B4D275D-DCB5-488D-8D31-E916FE9F2546}.DebugDemo|Any CPU.Build.0 = Debug|Any CPU
		{0B4D275D-DCB5-488D-8D31-E916FE9F2546}.DebugDemo|x64.ActiveCfg = Debug|Any CPU
		{0B4D275D-DCB5-488D-8D31-E916FE9F2546}.DebugDemo|x86.ActiveCfg = Debug|Any CPU
		{0B4D275D-DCB5-488D-8D31-E916FE9F2546}.DVD-5|Any CPU.ActiveCfg = Debug|Any CPU
		{0B4D275D-DCB5-488D-8D31-E916FE9F2546}.DVD-5|Any CPU.Build.0 = Debug|Any CPU
		{0B4D275D-DCB5-488D-8D31-E916FE9F2546}.DVD-5|x64.ActiveCfg = Debug|Any CPU
		{0B4D275D-DCB5-488D-8D31-E916FE9F2546}.DVD-5|x64.Build.0 = Debug|Any CPU
		{0B4D275D-DCB5-488D-8D31-E916FE9F2546}.DVD-5|x86.ActiveCfg = Debug|Any CPU
		{0B4D275D-DCB5-488D-8D31-E916FE9F2546}.DVD-5|x86.Build.0 = Debug|Any CPU
		{0B4D275D-DCB5-488D-8D31-E916FE9F2546}.Release|Any CPU.ActiveCfg = Release|Any CPU
		{0B4D275D-DCB5-488D-8D31-E916FE9F2546}.Release|x64.ActiveCfg = Release|Any CPU
		{0B4D275D-DCB5-488D-8D31-E916FE9F2546}.Release|x86.ActiveCfg = Release|Any CPU
		{0B4D275D-DCB5-488D-8D31-E916FE9F2546}.ReleaseAkram|Any CPU.ActiveCfg = Release|Any CPU
		{0B4D275D-DCB5-488D-8D31-E916FE9F2546}.ReleaseAkram|Any CPU.Build.0 = Release|Any CPU
		{0B4D275D-DCB5-488D-8D31-E916FE9F2546}.ReleaseAkram|x64.ActiveCfg = Release|Any CPU
		{0B4D275D-DCB5-488D-8D31-E916FE9F2546}.ReleaseAkram|x86.ActiveCfg = Release|Any CPU
		{0B4D275D-DCB5-488D-8D31-E916FE9F2546}.ReleaseDemo|Any CPU.ActiveCfg = Release|Any CPU
		{0B4D275D-DCB5-488D-8D31-E916FE9F2546}.ReleaseDemo|Any CPU.Build.0 = Release|Any CPU
		{0B4D275D-DCB5-488D-8D31-E916FE9F2546}.ReleaseDemo|x64.ActiveCfg = Release|Any CPU
		{0B4D275D-DCB5-488D-8D31-E916FE9F2546}.ReleaseDemo|x86.ActiveCfg = Release|Any CPU
		{0B4D275D-DCB5-488D-8D31-E916FE9F2546}.SingleImage|Any CPU.ActiveCfg = Release|Any CPU
		{0B4D275D-DCB5-488D-8D31-E916FE9F2546}.SingleImage|Any CPU.Build.0 = Release|Any CPU
		{0B4D275D-DCB5-488D-8D31-E916FE9F2546}.SingleImage|x64.ActiveCfg = Release|Any CPU
		{0B4D275D-DCB5-488D-8D31-E916FE9F2546}.SingleImage|x64.Build.0 = Release|Any CPU
		{0B4D275D-DCB5-488D-8D31-E916FE9F2546}.SingleImage|x86.ActiveCfg = Release|Any CPU
		{0B4D275D-DCB5-488D-8D31-E916FE9F2546}.SingleImage|x86.Build.0 = Release|Any CPU
		{54ED5B88-3988-4F0E-93F2-22A6AB1FAA85}.CD_ROM|Any CPU.ActiveCfg = Release|Any CPU
		{54ED5B88-3988-4F0E-93F2-22A6AB1FAA85}.CD_ROM|Any CPU.Build.0 = Release|Any CPU
		{54ED5B88-3988-4F0E-93F2-22A6AB1FAA85}.CD_ROM|x64.ActiveCfg = Release|Any CPU
		{54ED5B88-3988-4F0E-93F2-22A6AB1FAA85}.CD_ROM|x64.Build.0 = Release|Any CPU
		{54ED5B88-3988-4F0E-93F2-22A6AB1FAA85}.CD_ROM|x86.ActiveCfg = Release|Any CPU
		{54ED5B88-3988-4F0E-93F2-22A6AB1FAA85}.CD_ROM|x86.Build.0 = Release|Any CPU
		{54ED5B88-3988-4F0E-93F2-22A6AB1FAA85}.Debug|Any CPU.ActiveCfg = Debug|Any CPU
		{54ED5B88-3988-4F0E-93F2-22A6AB1FAA85}.Debug|Any CPU.Build.0 = Debug|Any CPU
		{54ED5B88-3988-4F0E-93F2-22A6AB1FAA85}.Debug|x64.ActiveCfg = Debug|Any CPU
		{54ED5B88-3988-4F0E-93F2-22A6AB1FAA85}.Debug|x86.ActiveCfg = Debug|Any CPU
		{54ED5B88-3988-4F0E-93F2-22A6AB1FAA85}.DebugAkram|Any CPU.ActiveCfg = Debug|Any CPU
		{54ED5B88-3988-4F0E-93F2-22A6AB1FAA85}.DebugAkram|Any CPU.Build.0 = Debug|Any CPU
		{54ED5B88-3988-4F0E-93F2-22A6AB1FAA85}.DebugAkram|x64.ActiveCfg = Debug|Any CPU
		{54ED5B88-3988-4F0E-93F2-22A6AB1FAA85}.DebugAkram|x86.ActiveCfg = Debug|Any CPU
		{54ED5B88-3988-4F0E-93F2-22A6AB1FAA85}.DebugDemo|Any CPU.ActiveCfg = Debug|Any CPU
		{54ED5B88-3988-4F0E-93F2-22A6AB1FAA85}.DebugDemo|Any CPU.Build.0 = Debug|Any CPU
		{54ED5B88-3988-4F0E-93F2-22A6AB1FAA85}.DebugDemo|x64.ActiveCfg = Debug|Any CPU
		{54ED5B88-3988-4F0E-93F2-22A6AB1FAA85}.DebugDemo|x86.ActiveCfg = Debug|Any CPU
		{54ED5B88-3988-4F0E-93F2-22A6AB1FAA85}.DVD-5|Any CPU.ActiveCfg = Debug|Any CPU
		{54ED5B88-3988-4F0E-93F2-22A6AB1FAA85}.DVD-5|Any CPU.Build.0 = Debug|Any CPU
		{54ED5B88-3988-4F0E-93F2-22A6AB1FAA85}.DVD-5|x64.ActiveCfg = Debug|Any CPU
		{54ED5B88-3988-4F0E-93F2-22A6AB1FAA85}.DVD-5|x64.Build.0 = Debug|Any CPU
		{54ED5B88-3988-4F0E-93F2-22A6AB1FAA85}.DVD-5|x86.ActiveCfg = Debug|Any CPU
		{54ED5B88-3988-4F0E-93F2-22A6AB1FAA85}.DVD-5|x86.Build.0 = Debug|Any CPU
		{54ED5B88-3988-4F0E-93F2-22A6AB1FAA85}.Release|Any CPU.ActiveCfg = Release|Any CPU
		{54ED5B88-3988-4F0E-93F2-22A6AB1FAA85}.Release|x64.ActiveCfg = Release|Any CPU
		{54ED5B88-3988-4F0E-93F2-22A6AB1FAA85}.Release|x86.ActiveCfg = Release|Any CPU
		{54ED5B88-3988-4F0E-93F2-22A6AB1FAA85}.ReleaseAkram|Any CPU.ActiveCfg = Release|Any CPU
		{54ED5B88-3988-4F0E-93F2-22A6AB1FAA85}.ReleaseAkram|Any CPU.Build.0 = Release|Any CPU
		{54ED5B88-3988-4F0E-93F2-22A6AB1FAA85}.ReleaseAkram|x64.ActiveCfg = Release|Any CPU
		{54ED5B88-3988-4F0E-93F2-22A6AB1FAA85}.ReleaseAkram|x86.ActiveCfg = Release|Any CPU
		{54ED5B88-3988-4F0E-93F2-22A6AB1FAA85}.ReleaseDemo|Any CPU.ActiveCfg = Release|Any CPU
		{54ED5B88-3988-4F0E-93F2-22A6AB1FAA85}.ReleaseDemo|Any CPU.Build.0 = Release|Any CPU
		{54ED5B88-3988-4F0E-93F2-22A6AB1FAA85}.ReleaseDemo|x64.ActiveCfg = Release|Any CPU
		{54ED5B88-3988-4F0E-93F2-22A6AB1FAA85}.ReleaseDemo|x86.ActiveCfg = Release|Any CPU
		{54ED5B88-3988-4F0E-93F2-22A6AB1FAA85}.SingleImage|Any CPU.ActiveCfg = Release|Any CPU
		{54ED5B88-3988-4F0E-93F2-22A6AB1FAA85}.SingleImage|Any CPU.Build.0 = Release|Any CPU
		{54ED5B88-3988-4F0E-93F2-22A6AB1FAA85}.SingleImage|x64.ActiveCfg = Release|Any CPU
		{54ED5B88-3988-4F0E-93F2-22A6AB1FAA85}.SingleImage|x64.Build.0 = Release|Any CPU
		{54ED5B88-3988-4F0E-93F2-22A6AB1FAA85}.SingleImage|x86.ActiveCfg = Release|Any CPU
		{54ED5B88-3988-4F0E-93F2-22A6AB1FAA85}.SingleImage|x86.Build.0 = Release|Any CPU
		{2DC6BA0A-D65C-4D82-9D2D-722B4BB2B9E5}.CD_ROM|Any CPU.ActiveCfg = CD_ROM
		{2DC6BA0A-D65C-4D82-9D2D-722B4BB2B9E5}.CD_ROM|Any CPU.Build.0 = CD_ROM
		{2DC6BA0A-D65C-4D82-9D2D-722B4BB2B9E5}.CD_ROM|x64.ActiveCfg = CD_ROM
		{2DC6BA0A-D65C-4D82-9D2D-722B4BB2B9E5}.CD_ROM|x64.Build.0 = CD_ROM
		{2DC6BA0A-D65C-4D82-9D2D-722B4BB2B9E5}.CD_ROM|x86.ActiveCfg = CD_ROM
		{2DC6BA0A-D65C-4D82-9D2D-722B4BB2B9E5}.CD_ROM|x86.Build.0 = CD_ROM
		{2DC6BA0A-D65C-4D82-9D2D-722B4BB2B9E5}.Debug|Any CPU.ActiveCfg = DVD-5
		{2DC6BA0A-D65C-4D82-9D2D-722B4BB2B9E5}.Debug|Any CPU.Build.0 = DVD-5
		{2DC6BA0A-D65C-4D82-9D2D-722B4BB2B9E5}.Debug|x64.ActiveCfg = DVD-5
		{2DC6BA0A-D65C-4D82-9D2D-722B4BB2B9E5}.Debug|x64.Build.0 = DVD-5
		{2DC6BA0A-D65C-4D82-9D2D-722B4BB2B9E5}.Debug|x86.ActiveCfg = DVD-5
		{2DC6BA0A-D65C-4D82-9D2D-722B4BB2B9E5}.Debug|x86.Build.0 = DVD-5
		{2DC6BA0A-D65C-4D82-9D2D-722B4BB2B9E5}.DebugAkram|Any CPU.ActiveCfg = DVD-5
		{2DC6BA0A-D65C-4D82-9D2D-722B4BB2B9E5}.DebugAkram|Any CPU.Build.0 = DVD-5
		{2DC6BA0A-D65C-4D82-9D2D-722B4BB2B9E5}.DebugAkram|x64.ActiveCfg = DVD-5
		{2DC6BA0A-D65C-4D82-9D2D-722B4BB2B9E5}.DebugAkram|x64.Build.0 = DVD-5
		{2DC6BA0A-D65C-4D82-9D2D-722B4BB2B9E5}.DebugAkram|x86.ActiveCfg = DVD-5
		{2DC6BA0A-D65C-4D82-9D2D-722B4BB2B9E5}.DebugAkram|x86.Build.0 = DVD-5
		{2DC6BA0A-D65C-4D82-9D2D-722B4BB2B9E5}.DebugDemo|Any CPU.ActiveCfg = DVD-5
		{2DC6BA0A-D65C-4D82-9D2D-722B4BB2B9E5}.DebugDemo|Any CPU.Build.0 = DVD-5
		{2DC6BA0A-D65C-4D82-9D2D-722B4BB2B9E5}.DebugDemo|x64.ActiveCfg = DVD-5
		{2DC6BA0A-D65C-4D82-9D2D-722B4BB2B9E5}.DebugDemo|x64.Build.0 = DVD-5
		{2DC6BA0A-D65C-4D82-9D2D-722B4BB2B9E5}.DebugDemo|x86.ActiveCfg = DVD-5
		{2DC6BA0A-D65C-4D82-9D2D-722B4BB2B9E5}.DebugDemo|x86.Build.0 = DVD-5
		{2DC6BA0A-D65C-4D82-9D2D-722B4BB2B9E5}.DVD-5|Any CPU.ActiveCfg = DVD-5
		{2DC6BA0A-D65C-4D82-9D2D-722B4BB2B9E5}.DVD-5|Any CPU.Build.0 = DVD-5
		{2DC6BA0A-D65C-4D82-9D2D-722B4BB2B9E5}.DVD-5|x64.ActiveCfg = DVD-5
		{2DC6BA0A-D65C-4D82-9D2D-722B4BB2B9E5}.DVD-5|x64.Build.0 = DVD-5
		{2DC6BA0A-D65C-4D82-9D2D-722B4BB2B9E5}.DVD-5|x86.ActiveCfg = DVD-5
		{2DC6BA0A-D65C-4D82-9D2D-722B4BB2B9E5}.DVD-5|x86.Build.0 = DVD-5
		{2DC6BA0A-D65C-4D82-9D2D-722B4BB2B9E5}.Release|Any CPU.ActiveCfg = SingleImage
		{2DC6BA0A-D65C-4D82-9D2D-722B4BB2B9E5}.Release|Any CPU.Build.0 = SingleImage
		{2DC6BA0A-D65C-4D82-9D2D-722B4BB2B9E5}.Release|x64.ActiveCfg = SingleImage
		{2DC6BA0A-D65C-4D82-9D2D-722B4BB2B9E5}.Release|x64.Build.0 = SingleImage
		{2DC6BA0A-D65C-4D82-9D2D-722B4BB2B9E5}.Release|x86.ActiveCfg = SingleImage
		{2DC6BA0A-D65C-4D82-9D2D-722B4BB2B9E5}.Release|x86.Build.0 = SingleImage
		{2DC6BA0A-D65C-4D82-9D2D-722B4BB2B9E5}.ReleaseAkram|Any CPU.ActiveCfg = SingleImage
		{2DC6BA0A-D65C-4D82-9D2D-722B4BB2B9E5}.ReleaseAkram|Any CPU.Build.0 = SingleImage
		{2DC6BA0A-D65C-4D82-9D2D-722B4BB2B9E5}.ReleaseAkram|x64.ActiveCfg = SingleImage
		{2DC6BA0A-D65C-4D82-9D2D-722B4BB2B9E5}.ReleaseAkram|x64.Build.0 = SingleImage
		{2DC6BA0A-D65C-4D82-9D2D-722B4BB2B9E5}.ReleaseAkram|x86.ActiveCfg = SingleImage
		{2DC6BA0A-D65C-4D82-9D2D-722B4BB2B9E5}.ReleaseAkram|x86.Build.0 = SingleImage
		{2DC6BA0A-D65C-4D82-9D2D-722B4BB2B9E5}.ReleaseDemo|Any CPU.ActiveCfg = SingleImage
		{2DC6BA0A-D65C-4D82-9D2D-722B4BB2B9E5}.ReleaseDemo|Any CPU.Build.0 = SingleImage
		{2DC6BA0A-D65C-4D82-9D2D-722B4BB2B9E5}.ReleaseDemo|x64.ActiveCfg = SingleImage
		{2DC6BA0A-D65C-4D82-9D2D-722B4BB2B9E5}.ReleaseDemo|x64.Build.0 = SingleImage
		{2DC6BA0A-D65C-4D82-9D2D-722B4BB2B9E5}.ReleaseDemo|x86.ActiveCfg = SingleImage
		{2DC6BA0A-D65C-4D82-9D2D-722B4BB2B9E5}.ReleaseDemo|x86.Build.0 = SingleImage
		{2DC6BA0A-D65C-4D82-9D2D-722B4BB2B9E5}.SingleImage|Any CPU.ActiveCfg = SingleImage
		{2DC6BA0A-D65C-4D82-9D2D-722B4BB2B9E5}.SingleImage|Any CPU.Build.0 = SingleImage
		{2DC6BA0A-D65C-4D82-9D2D-722B4BB2B9E5}.SingleImage|x64.ActiveCfg = SingleImage
		{2DC6BA0A-D65C-4D82-9D2D-722B4BB2B9E5}.SingleImage|x64.Build.0 = SingleImage
		{2DC6BA0A-D65C-4D82-9D2D-722B4BB2B9E5}.SingleImage|x86.ActiveCfg = SingleImage
		{2DC6BA0A-D65C-4D82-9D2D-722B4BB2B9E5}.SingleImage|x86.Build.0 = SingleImage
		{ADD61510-5F9E-43FB-81B9-198B9288896B}.CD_ROM|Any CPU.ActiveCfg = Release|Any CPU
		{ADD61510-5F9E-43FB-81B9-198B9288896B}.CD_ROM|Any CPU.Build.0 = Release|Any CPU
		{ADD61510-5F9E-43FB-81B9-198B9288896B}.CD_ROM|x64.ActiveCfg = Release|Any CPU
		{ADD61510-5F9E-43FB-81B9-198B9288896B}.CD_ROM|x64.Build.0 = Release|Any CPU
		{ADD61510-5F9E-43FB-81B9-198B9288896B}.CD_ROM|x86.ActiveCfg = Release|Any CPU
		{ADD61510-5F9E-43FB-81B9-198B9288896B}.CD_ROM|x86.Build.0 = Release|Any CPU
		{ADD61510-5F9E-43FB-81B9-198B9288896B}.Debug|Any CPU.ActiveCfg = Debug|Any CPU
		{ADD61510-5F9E-43FB-81B9-198B9288896B}.Debug|Any CPU.Build.0 = Debug|Any CPU
		{ADD61510-5F9E-43FB-81B9-198B9288896B}.Debug|x64.ActiveCfg = Debug|Any CPU
		{ADD61510-5F9E-43FB-81B9-198B9288896B}.Debug|x64.Build.0 = Debug|Any CPU
		{ADD61510-5F9E-43FB-81B9-198B9288896B}.Debug|x86.ActiveCfg = Debug|Any CPU
		{ADD61510-5F9E-43FB-81B9-198B9288896B}.Debug|x86.Build.0 = Debug|Any CPU
		{ADD61510-5F9E-43FB-81B9-198B9288896B}.DebugAkram|Any CPU.ActiveCfg = Debug|Any CPU
		{ADD61510-5F9E-43FB-81B9-198B9288896B}.DebugAkram|Any CPU.Build.0 = Debug|Any CPU
		{ADD61510-5F9E-43FB-81B9-198B9288896B}.DebugAkram|x64.ActiveCfg = Debug|Any CPU
		{ADD61510-5F9E-43FB-81B9-198B9288896B}.DebugAkram|x64.Build.0 = Debug|Any CPU
		{ADD61510-5F9E-43FB-81B9-198B9288896B}.DebugAkram|x86.ActiveCfg = Debug|Any CPU
		{ADD61510-5F9E-43FB-81B9-198B9288896B}.DebugAkram|x86.Build.0 = Debug|Any CPU
		{ADD61510-5F9E-43FB-81B9-198B9288896B}.DebugDemo|Any CPU.ActiveCfg = Debug|Any CPU
		{ADD61510-5F9E-43FB-81B9-198B9288896B}.DebugDemo|Any CPU.Build.0 = Debug|Any CPU
		{ADD61510-5F9E-43FB-81B9-198B9288896B}.DebugDemo|x64.ActiveCfg = Debug|Any CPU
		{ADD61510-5F9E-43FB-81B9-198B9288896B}.DebugDemo|x64.Build.0 = Debug|Any CPU
		{ADD61510-5F9E-43FB-81B9-198B9288896B}.DebugDemo|x86.ActiveCfg = Debug|Any CPU
		{ADD61510-5F9E-43FB-81B9-198B9288896B}.DebugDemo|x86.Build.0 = Debug|Any CPU
		{ADD61510-5F9E-43FB-81B9-198B9288896B}.DVD-5|Any CPU.ActiveCfg = Debug|Any CPU
		{ADD61510-5F9E-43FB-81B9-198B9288896B}.DVD-5|Any CPU.Build.0 = Debug|Any CPU
		{ADD61510-5F9E-43FB-81B9-198B9288896B}.DVD-5|x64.ActiveCfg = Debug|Any CPU
		{ADD61510-5F9E-43FB-81B9-198B9288896B}.DVD-5|x64.Build.0 = Debug|Any CPU
		{ADD61510-5F9E-43FB-81B9-198B9288896B}.DVD-5|x86.ActiveCfg = Debug|Any CPU
		{ADD61510-5F9E-43FB-81B9-198B9288896B}.DVD-5|x86.Build.0 = Debug|Any CPU
		{ADD61510-5F9E-43FB-81B9-198B9288896B}.Release|Any CPU.ActiveCfg = Release|Any CPU
		{ADD61510-5F9E-43FB-81B9-198B9288896B}.Release|Any CPU.Build.0 = Release|Any CPU
		{ADD61510-5F9E-43FB-81B9-198B9288896B}.Release|x64.ActiveCfg = Release|Any CPU
		{ADD61510-5F9E-43FB-81B9-198B9288896B}.Release|x64.Build.0 = Release|Any CPU
		{ADD61510-5F9E-43FB-81B9-198B9288896B}.Release|x86.ActiveCfg = Release|Any CPU
		{ADD61510-5F9E-43FB-81B9-198B9288896B}.Release|x86.Build.0 = Release|Any CPU
		{ADD61510-5F9E-43FB-81B9-198B9288896B}.ReleaseAkram|Any CPU.ActiveCfg = Release|Any CPU
		{ADD61510-5F9E-43FB-81B9-198B9288896B}.ReleaseAkram|Any CPU.Build.0 = Release|Any CPU
		{ADD61510-5F9E-43FB-81B9-198B9288896B}.ReleaseAkram|x64.ActiveCfg = Release|Any CPU
		{ADD61510-5F9E-43FB-81B9-198B9288896B}.ReleaseAkram|x64.Build.0 = Release|Any CPU
		{ADD61510-5F9E-43FB-81B9-198B9288896B}.ReleaseAkram|x86.ActiveCfg = Release|Any CPU
		{ADD61510-5F9E-43FB-81B9-198B9288896B}.ReleaseAkram|x86.Build.0 = Release|Any CPU
		{ADD61510-5F9E-43FB-81B9-198B9288896B}.ReleaseDemo|Any CPU.ActiveCfg = Release|Any CPU
		{ADD61510-5F9E-43FB-81B9-198B9288896B}.ReleaseDemo|Any CPU.Build.0 = Release|Any CPU
		{ADD61510-5F9E-43FB-81B9-198B9288896B}.ReleaseDemo|x64.ActiveCfg = Release|Any CPU
		{ADD61510-5F9E-43FB-81B9-198B9288896B}.ReleaseDemo|x64.Build.0 = Release|Any CPU
		{ADD61510-5F9E-43FB-81B9-198B9288896B}.ReleaseDemo|x86.ActiveCfg = Release|Any CPU
		{ADD61510-5F9E-43FB-81B9-198B9288896B}.ReleaseDemo|x86.Build.0 = Release|Any CPU
		{ADD61510-5F9E-43FB-81B9-198B9288896B}.SingleImage|Any CPU.ActiveCfg = Release|Any CPU
		{ADD61510-5F9E-43FB-81B9-198B9288896B}.SingleImage|Any CPU.Build.0 = Release|Any CPU
		{ADD61510-5F9E-43FB-81B9-198B9288896B}.SingleImage|x64.ActiveCfg = Release|Any CPU
		{ADD61510-5F9E-43FB-81B9-198B9288896B}.SingleImage|x64.Build.0 = Release|Any CPU
		{ADD61510-5F9E-43FB-81B9-198B9288896B}.SingleImage|x86.ActiveCfg = Release|Any CPU
		{ADD61510-5F9E-43FB-81B9-198B9288896B}.SingleImage|x86.Build.0 = Release|Any CPU
	EndGlobalSection
	GlobalSection(SolutionProperties) = preSolution
		HideSolutionNode = FALSE
	EndGlobalSection
EndGlobal
