
Microsoft Visual Studio Solution File, Format Version 11.00
# Visual Studio 2010
Project("{FAE04EC0-301F-11D3-BF4B-00C04F79EFBC}") = "PortfolioService", "PortfolioService\PortfolioService.csproj", "{A8E8B428-CDF9-41DA-901C-D03A95055667}"
EndProject
Global
	GlobalSection(SolutionConfigurationPlatforms) = preSolution
		Debug|Any CPU = Debug|Any CPU
		Release|Any CPU = Release|Any CPU
	EndGlobalSection
	GlobalSection(ProjectConfigurationPlatforms) = postSolution
		{A8E8B428-CDF9-41DA-901C-D03A95055667}.Debug|Any CPU.ActiveCfg = Debug|Any CPU
		{A8E8B428-CDF9-41DA-901C-D03A95055667}.Debug|Any CPU.Build.0 = Debug|Any CPU
		{A8E8B428-CDF9-41DA-901C-D03A95055667}.Release|Any CPU.ActiveCfg = Release|Any CPU
		{A8E8B428-CDF9-41DA-901C-D03A95055667}.Release|Any CPU.Build.0 = Release|Any CPU
	EndGlobalSection
	GlobalSection(SolutionProperties) = preSolution
		HideSolutionNode = FALSE
	EndGlobalSection
EndGlobal
